
Microsoft Visual Studio Solution File, Format Version 12.00
# Visual Studio Version 17
VisualStudioVersion = 17.11.35431.28
MinimumVisualStudioVersion = 10.0.40219.1
Project("{9A19103F-16F7-4668-BE54-9A1E7A4F7556}") = "YoutubeDiscogsWantlist.Core", "YoutubeDiscogsWantlist.Core\YoutubeDiscogsWantlist.Core.csproj", "{36C263CB-BF42-4136-A972-BA6D896247E5}"
EndProject
Project("{9A19103F-16F7-4668-BE54-9A1E7A4F7556}") = "YoutubeDiscogs.Client", "..\..\Client\YoutubeDiscogs.Client\YoutubeDiscogs.Client.csproj", "{ED660BB3-24FD-4F0C-AE1F-16AD8A3C6A22}"
EndProject
Project("{9A19103F-16F7-4668-BE54-9A1E7A4F7556}") = "DiscogsYoutube.Shared", "DiscogsYoutube.Shared\DiscogsYoutube.Shared.csproj", "{A11AD304-39CE-4B3F-BA13-B8EF818A35E4}"
EndProject
Project("{9A19103F-16F7-4668-BE54-9A1E7A4F7556}") = "YoutubeDiscogsWantlist.Messaging", "YoutubeDiscogsWantlist.Messaging\YoutubeDiscogsWantlist.Messaging.csproj", "{8353F5F3-8BD6-44E9-ADFC-E1B7DB2FB96E}"
EndProject
Project("{FAE04EC0-301F-11D3-BF4B-00C04F79EFBC}") = "YoutubeDiscogsWantlist.Analytics", "YoutubeDiscogsWantlist.Analytics\YoutubeDiscogsWantlist.Analytics.csproj", "{94D75B0E-2B12-4EAE-9DE0-4E264B203289}"
EndProject
Global
	GlobalSection(SolutionConfigurationPlatforms) = preSolution
		Debug|Any CPU = Debug|Any CPU
		Release|Any CPU = Release|Any CPU
	EndGlobalSection
	GlobalSection(ProjectConfigurationPlatforms) = postSolution
		{36C263CB-BF42-4136-A972-BA6D896247E5}.Debug|Any CPU.ActiveCfg = Debug|Any CPU
		{36C263CB-BF42-4136-A972-BA6D896247E5}.Debug|Any CPU.Build.0 = Debug|Any CPU
		{36C263CB-BF42-4136-A972-BA6D896247E5}.Release|Any CPU.ActiveCfg = Release|Any CPU
		{36C263CB-BF42-4136-A972-BA6D896247E5}.Release|Any CPU.Build.0 = Release|Any CPU
		{ED660BB3-24FD-4F0C-AE1F-16AD8A3C6A22}.Debug|Any CPU.ActiveCfg = Debug|Any CPU
		{ED660BB3-24FD-4F0C-AE1F-16AD8A3C6A22}.Debug|Any CPU.Build.0 = Debug|Any CPU
		{ED660BB3-24FD-4F0C-AE1F-16AD8A3C6A22}.Release|Any CPU.ActiveCfg = Release|Any CPU
		{ED660BB3-24FD-4F0C-AE1F-16AD8A3C6A22}.Release|Any CPU.Build.0 = Release|Any CPU
		{A11AD304-39CE-4B3F-BA13-B8EF818A35E4}.Debug|Any CPU.ActiveCfg = Debug|Any CPU
		{A11AD304-39CE-4B3F-BA13-B8EF818A35E4}.Debug|Any CPU.Build.0 = Debug|Any CPU
		{A11AD304-39CE-4B3F-BA13-B8EF818A35E4}.Release|Any CPU.ActiveCfg = Release|Any CPU
		{A11AD304-39CE-4B3F-BA13-B8EF818A35E4}.Release|Any CPU.Build.0 = Release|Any CPU
		{8353F5F3-8BD6-44E9-ADFC-E1B7DB2FB96E}.Debug|Any CPU.ActiveCfg = Debug|Any CPU
		{8353F5F3-8BD6-44E9-ADFC-E1B7DB2FB96E}.Debug|Any CPU.Build.0 = Debug|Any CPU
		{8353F5F3-8BD6-44E9-ADFC-E1B7DB2FB96E}.Release|Any CPU.ActiveCfg = Release|Any CPU
		{8353F5F3-8BD6-44E9-ADFC-E1B7DB2FB96E}.Release|Any CPU.Build.0 = Release|Any CPU
		{94D75B0E-2B12-4EAE-9DE0-4E264B203289}.Debug|Any CPU.ActiveCfg = Debug|Any CPU
		{94D75B0E-2B12-4EAE-9DE0-4E264B203289}.Debug|Any CPU.Build.0 = Debug|Any CPU
		{94D75B0E-2B12-4EAE-9DE0-4E264B203289}.Release|Any CPU.ActiveCfg = Release|Any CPU
		{94D75B0E-2B12-4EAE-9DE0-4E264B203289}.Release|Any CPU.Build.0 = Release|Any CPU
	EndGlobalSection
	GlobalSection(SolutionProperties) = preSolution
		HideSolutionNode = FALSE
	EndGlobalSection
	GlobalSection(ExtensibilityGlobals) = postSolution
		SolutionGuid = {226B9FF5-1A7E-4B6C-83E5-5AFE9609E929}
	EndGlobalSection
EndGlobal
